// !$*UTF8*$!
{
	archiveVersion = 1;
	classes = {
	};
	objectVersion = 56;
	objects = {

/* Begin PBXBuildFile section */
		5D47B78E2BD7F92D004C0EA7 /* VCImageViewer.swift in Sources */ = {isa = PBXBuildFile; fileRef = 5D47B78D2BD7F92D004C0EA7 /* VCImageViewer.swift */; };
		5D47B7912BD7F976004C0EA7 /* Alamofire in Frameworks */ = {isa = PBXBuildFile; productRef = 5D47B7902BD7F976004C0EA7 /* Alamofire */; };
		5D47B7942BD7F98A004C0EA7 /* SwiftyJSON in Frameworks */ = {isa = PBXBuildFile; productRef = 5D47B7932BD7F98A004C0EA7 /* SwiftyJSON */; };
		5D7A1F702BD6C3EB006D01AF /* TRRippleView.swift in Sources */ = {isa = PBXBuildFile; fileRef = 5D7A1F6F2BD6C3EB006D01AF /* TRRippleView.swift */; };
		5D88ABAD2BD4B46A00347521 /* FirstGuide.storyboard in Resources */ = {isa = PBXBuildFile; fileRef = 5D88ABAC2BD4B46A00347521 /* FirstGuide.storyboard */; };
		5D9380532BD73E5300CB938A /* SnapKit in Frameworks */ = {isa = PBXBuildFile; productRef = 5D9380522BD73E5300CB938A /* SnapKit */; };
		5D9D9F872BD6390E001BC769 /* Hero in Frameworks */ = {isa = PBXBuildFile; productRef = 5D9D9F862BD6390E001BC769 /* Hero */; };
		5D9D9F892BD63FF3001BC769 /* ImageV.storyboard in Resources */ = {isa = PBXBuildFile; fileRef = 5D9D9F882BD63FF3001BC769 /* ImageV.storyboard */; };
		5D9D9F8B2BD6650F001BC769 /* VCFirstLogin.swift in Sources */ = {isa = PBXBuildFile; fileRef = 5D9D9F8A2BD6650F001BC769 /* VCFirstLogin.swift */; };
		5D9D9F912BD681D9001BC769 /* ZFRippleButton.swift in Sources */ = {isa = PBXBuildFile; fileRef = 5D9D9F902BD67F14001BC769 /* ZFRippleButton.swift */; };
		5D9D9F932BD69519001BC769 /* TVForumTable.swift in Sources */ = {isa = PBXBuildFile; fileRef = 5D9D9F922BD69519001BC769 /* TVForumTable.swift */; };
		5DA62A3A2BD1FE35000D7F65 /* AppDelegate.swift in Sources */ = {isa = PBXBuildFile; fileRef = 5DA62A392BD1FE35000D7F65 /* AppDelegate.swift */; };
		5DA62A3C2BD1FE35000D7F65 /* SceneDelegate.swift in Sources */ = {isa = PBXBuildFile; fileRef = 5DA62A3B2BD1FE35000D7F65 /* SceneDelegate.swift */; };
		5DA62A3E2BD1FE35000D7F65 /* ViewController.swift in Sources */ = {isa = PBXBuildFile; fileRef = 5DA62A3D2BD1FE35000D7F65 /* ViewController.swift */; };
		5DA62A412BD1FE35000D7F65 /* Base in Resources */ = {isa = PBXBuildFile; fileRef = 5DA62A402BD1FE35000D7F65 /* Base */; };
		5DA62A432BD1FE39000D7F65 /* Assets.xcassets in Resources */ = {isa = PBXBuildFile; fileRef = 5DA62A422BD1FE39000D7F65 /* Assets.xcassets */; };
		5DA62A462BD1FE39000D7F65 /* Base in Resources */ = {isa = PBXBuildFile; fileRef = 5DA62A452BD1FE39000D7F65 /* Base */; };
		5DA62A512BD1FE39000D7F65 /* CrossLandTests.swift in Sources */ = {isa = PBXBuildFile; fileRef = 5DA62A502BD1FE39000D7F65 /* CrossLandTests.swift */; };
		5DA62A5B2BD1FE39000D7F65 /* CrossLandUITests.swift in Sources */ = {isa = PBXBuildFile; fileRef = 5DA62A5A2BD1FE39000D7F65 /* CrossLandUITests.swift */; };
		5DA62A5D2BD1FE39000D7F65 /* CrossLandUITestsLaunchTests.swift in Sources */ = {isa = PBXBuildFile; fileRef = 5DA62A5C2BD1FE39000D7F65 /* CrossLandUITestsLaunchTests.swift */; };
		5DA62A702BD205C7000D7F65 /* Settings.storyboard in Resources */ = {isa = PBXBuildFile; fileRef = 5DA62A6F2BD205C7000D7F65 /* Settings.storyboard */; };
		5DA62A722BD20C94000D7F65 /* TVCSettings.swift in Sources */ = {isa = PBXBuildFile; fileRef = 5DA62A712BD20C94000D7F65 /* TVCSettings.swift */; };
		5DACBA012BD9D99600DD4D7C /* TRRegexTool.swift in Sources */ = {isa = PBXBuildFile; fileRef = 5DACBA002BD9D99600DD4D7C /* TRRegexTool.swift */; };
		5DACBA042BDA13C100DD4D7C /* AlamofireImage in Frameworks */ = {isa = PBXBuildFile; productRef = 5DACBA032BDA13C100DD4D7C /* AlamofireImage */; };
		5DCA438A2BD5FA8700201601 /* VCEmoticonInput2.swift in Sources */ = {isa = PBXBuildFile; fileRef = 5DCA43872BD5FA8700201601 /* VCEmoticonInput2.swift */; };
		5DCA438C2BD5FB1500201601 /* Keyboard.storyboard in Resources */ = {isa = PBXBuildFile; fileRef = 5DCA438B2BD5FB1500201601 /* Keyboard.storyboard */; };
		5DD4D8BD2BD27BFD001D8D17 /* TRDynamicFont.swift in Sources */ = {isa = PBXBuildFile; fileRef = 5DD4D8BC2BD27BFD001D8D17 /* TRDynamicFont.swift */; };
		5DD4D8C02BD28E5A001D8D17 /* Forum.storyboard in Resources */ = {isa = PBXBuildFile; fileRef = 5DD4D8BF2BD28E5A001D8D17 /* Forum.storyboard */; };
		5DD4D8C22BD29211001D8D17 /* TVCLogin.swift in Sources */ = {isa = PBXBuildFile; fileRef = 5DD4D8C12BD29210001D8D17 /* TVCLogin.swift */; };
		5DEFBDA42BD8952400AA0EA0 /* TRImageLite.swift in Sources */ = {isa = PBXBuildFile; fileRef = 5DEFBDA32BD8952400AA0EA0 /* TRImageLite.swift */; };
		5DEFBDAD2BD8D02600AA0EA0 /* LCDemo.swift in Sources */ = {isa = PBXBuildFile; fileRef = 5DEFBDA52BD8D02300AA0EA0 /* LCDemo.swift */; };
		5DEFBDAE2BD8D02600AA0EA0 /* LCParser.swift in Sources */ = {isa = PBXBuildFile; fileRef = 5DEFBDA62BD8D02400AA0EA0 /* LCParser.swift */; };
		5DEFBDAF2BD8D02600AA0EA0 /* LGUserManage.swift in Sources */ = {isa = PBXBuildFile; fileRef = 5DEFBDA72BD8D02400AA0EA0 /* LGUserManage.swift */; };
		5DEFBDB02BD8D02600AA0EA0 /* LCAPI.swift in Sources */ = {isa = PBXBuildFile; fileRef = 5DEFBDA82BD8D02500AA0EA0 /* LCAPI.swift */; };
		5DEFBDB12BD8D02600AA0EA0 /* LCStruct.swift in Sources */ = {isa = PBXBuildFile; fileRef = 5DEFBDA92BD8D02500AA0EA0 /* LCStruct.swift */; };
		5DEFBDB22BD8D02600AA0EA0 /* LCRequest.swift in Sources */ = {isa = PBXBuildFile; fileRef = 5DEFBDAA2BD8D02600AA0EA0 /* LCRequest.swift */; };
		5DEFBDB32BD8D02600AA0EA0 /* LCStorage.swift in Sources */ = {isa = PBXBuildFile; fileRef = 5DEFBDAB2BD8D02600AA0EA0 /* LCStorage.swift */; };
		5DEFBDB42BD8D02600AA0EA0 /* LCDefaults.swift in Sources */ = {isa = PBXBuildFile; fileRef = 5DEFBDAC2BD8D02600AA0EA0 /* LCDefaults.swift */; };
		5DEFBDB72BD8D06800AA0EA0 /* SQLite in Frameworks */ = {isa = PBXBuildFile; productRef = 5DEFBDB62BD8D06800AA0EA0 /* SQLite */; };
		5DEFBDB92BD8D35B00AA0EA0 /* MarqueeLabel.swift in Sources */ = {isa = PBXBuildFile; fileRef = 5DEFBDB82BD8D35B00AA0EA0 /* MarqueeLabel.swift */; };
		5DEFBDBB2BD93ABF00AA0EA0 /* LCForumHTML.swift in Sources */ = {isa = PBXBuildFile; fileRef = 5DEFBDBA2BD93ABF00AA0EA0 /* LCForumHTML.swift */; };
		5DEFBDC12BD94F8600AA0EA0 /* ZMarkupParser in Frameworks */ = {isa = PBXBuildFile; productRef = 5DEFBDC02BD94F8600AA0EA0 /* ZMarkupParser */; };
/* End PBXBuildFile section */

/* Begin PBXContainerItemProxy section */
		5DA62A4D2BD1FE39000D7F65 /* PBXContainerItemProxy */ = {
			isa = PBXContainerItemProxy;
			containerPortal = 5DA62A2E2BD1FE35000D7F65 /* Project object */;
			proxyType = 1;
			remoteGlobalIDString = 5DA62A352BD1FE35000D7F65;
			remoteInfo = CrossLand;
		};
		5DA62A572BD1FE39000D7F65 /* PBXContainerItemProxy */ = {
			isa = PBXContainerItemProxy;
			containerPortal = 5DA62A2E2BD1FE35000D7F65 /* Project object */;
			proxyType = 1;
			remoteGlobalIDString = 5DA62A352BD1FE35000D7F65;
			remoteInfo = CrossLand;
		};
/* End PBXContainerItemProxy section */

/* Begin PBXFileReference section */
		5D47B78D2BD7F92D004C0EA7 /* VCImageViewer.swift */ = {isa = PBXFileReference; lastKnownFileType = sourcecode.swift; path = VCImageViewer.swift; sourceTree = "<group>"; };
		5D7A1F6F2BD6C3EB006D01AF /* TRRippleView.swift */ = {isa = PBXFileReference; lastKnownFileType = sourcecode.swift; path = TRRippleView.swift; sourceTree = "<group>"; };
		5D88ABAC2BD4B46A00347521 /* FirstGuide.storyboard */ = {isa = PBXFileReference; lastKnownFileType = file.storyboard; path = FirstGuide.storyboard; sourceTree = "<group>"; };
		5D8D639E2BD4BE9D005AA8ED /* EULAPrivacy.md */ = {isa = PBXFileReference; lastKnownFileType = net.daringfireball.markdown; path = EULAPrivacy.md; sourceTree = "<group>"; };
		5D9D9F802BD61B4C001BC769 /* Acknowledgement.md */ = {isa = PBXFileReference; lastKnownFileType = net.daringfireball.markdown; path = Acknowledgement.md; sourceTree = "<group>"; };
		5D9D9F882BD63FF3001BC769 /* ImageV.storyboard */ = {isa = PBXFileReference; lastKnownFileType = file.storyboard; path = ImageV.storyboard; sourceTree = "<group>"; };
		5D9D9F8A2BD6650F001BC769 /* VCFirstLogin.swift */ = {isa = PBXFileReference; lastKnownFileType = sourcecode.swift; path = VCFirstLogin.swift; sourceTree = "<group>"; };
		5D9D9F902BD67F14001BC769 /* ZFRippleButton.swift */ = {isa = PBXFileReference; lastKnownFileType = sourcecode.swift; path = ZFRippleButton.swift; sourceTree = "<group>"; };
		5D9D9F922BD69519001BC769 /* TVForumTable.swift */ = {isa = PBXFileReference; lastKnownFileType = sourcecode.swift; path = TVForumTable.swift; sourceTree = "<group>"; };
		5DA62A362BD1FE35000D7F65 /* CrossLand.app */ = {isa = PBXFileReference; explicitFileType = wrapper.application; includeInIndex = 0; path = CrossLand.app; sourceTree = BUILT_PRODUCTS_DIR; };
		5DA62A392BD1FE35000D7F65 /* AppDelegate.swift */ = {isa = PBXFileReference; lastKnownFileType = sourcecode.swift; path = AppDelegate.swift; sourceTree = "<group>"; };
		5DA62A3B2BD1FE35000D7F65 /* SceneDelegate.swift */ = {isa = PBXFileReference; lastKnownFileType = sourcecode.swift; path = SceneDelegate.swift; sourceTree = "<group>"; };
		5DA62A3D2BD1FE35000D7F65 /* ViewController.swift */ = {isa = PBXFileReference; lastKnownFileType = sourcecode.swift; path = ViewController.swift; sourceTree = "<group>"; };
		5DA62A402BD1FE35000D7F65 /* Base */ = {isa = PBXFileReference; lastKnownFileType = file.storyboard; name = Base; path = Base.lproj/Main.storyboard; sourceTree = "<group>"; };
		5DA62A422BD1FE39000D7F65 /* Assets.xcassets */ = {isa = PBXFileReference; lastKnownFileType = folder.assetcatalog; path = Assets.xcassets; sourceTree = "<group>"; };
		5DA62A452BD1FE39000D7F65 /* Base */ = {isa = PBXFileReference; lastKnownFileType = file.storyboard; name = Base; path = Base.lproj/LaunchScreen.storyboard; sourceTree = "<group>"; };
		5DA62A472BD1FE39000D7F65 /* Info.plist */ = {isa = PBXFileReference; lastKnownFileType = text.plist.xml; path = Info.plist; sourceTree = "<group>"; };
		5DA62A4C2BD1FE39000D7F65 /* CrossLandTests.xctest */ = {isa = PBXFileReference; explicitFileType = wrapper.cfbundle; includeInIndex = 0; path = CrossLandTests.xctest; sourceTree = BUILT_PRODUCTS_DIR; };
		5DA62A502BD1FE39000D7F65 /* CrossLandTests.swift */ = {isa = PBXFileReference; lastKnownFileType = sourcecode.swift; path = CrossLandTests.swift; sourceTree = "<group>"; };
		5DA62A562BD1FE39000D7F65 /* CrossLandUITests.xctest */ = {isa = PBXFileReference; explicitFileType = wrapper.cfbundle; includeInIndex = 0; path = CrossLandUITests.xctest; sourceTree = BUILT_PRODUCTS_DIR; };
		5DA62A5A2BD1FE39000D7F65 /* CrossLandUITests.swift */ = {isa = PBXFileReference; lastKnownFileType = sourcecode.swift; path = CrossLandUITests.swift; sourceTree = "<group>"; };
		5DA62A5C2BD1FE39000D7F65 /* CrossLandUITestsLaunchTests.swift */ = {isa = PBXFileReference; lastKnownFileType = sourcecode.swift; path = CrossLandUITestsLaunchTests.swift; sourceTree = "<group>"; };
		5DA62A692BD1FE48000D7F65 /* CrossLand.entitlements */ = {isa = PBXFileReference; lastKnownFileType = text.plist.entitlements; path = CrossLand.entitlements; sourceTree = "<group>"; };
		5DA62A6F2BD205C7000D7F65 /* Settings.storyboard */ = {isa = PBXFileReference; lastKnownFileType = file.storyboard; path = Settings.storyboard; sourceTree = "<group>"; };
		5DA62A712BD20C94000D7F65 /* TVCSettings.swift */ = {isa = PBXFileReference; lastKnownFileType = sourcecode.swift; path = TVCSettings.swift; sourceTree = "<group>"; };
		5DACBA002BD9D99600DD4D7C /* TRRegexTool.swift */ = {isa = PBXFileReference; lastKnownFileType = sourcecode.swift; path = TRRegexTool.swift; sourceTree = "<group>"; };
		5DCA43872BD5FA8700201601 /* VCEmoticonInput2.swift */ = {isa = PBXFileReference; lastKnownFileType = sourcecode.swift; path = VCEmoticonInput2.swift; sourceTree = "<group>"; };
		5DCA438B2BD5FB1500201601 /* Keyboard.storyboard */ = {isa = PBXFileReference; lastKnownFileType = file.storyboard; path = Keyboard.storyboard; sourceTree = "<group>"; };
		5DD4D8BC2BD27BFD001D8D17 /* TRDynamicFont.swift */ = {isa = PBXFileReference; lastKnownFileType = sourcecode.swift; path = TRDynamicFont.swift; sourceTree = "<group>"; };
		5DD4D8BF2BD28E5A001D8D17 /* Forum.storyboard */ = {isa = PBXFileReference; lastKnownFileType = file.storyboard; path = Forum.storyboard; sourceTree = "<group>"; };
		5DD4D8C12BD29210001D8D17 /* TVCLogin.swift */ = {isa = PBXFileReference; lastKnownFileType = sourcecode.swift; path = TVCLogin.swift; sourceTree = "<group>"; };
		5DEFBDA32BD8952400AA0EA0 /* TRImageLite.swift */ = {isa = PBXFileReference; lastKnownFileType = sourcecode.swift; path = TRImageLite.swift; sourceTree = "<group>"; };
		5DEFBDA52BD8D02300AA0EA0 /* LCDemo.swift */ = {isa = PBXFileReference; fileEncoding = 4; lastKnownFileType = sourcecode.swift; path = LCDemo.swift; sourceTree = "<group>"; };
		5DEFBDA62BD8D02400AA0EA0 /* LCParser.swift */ = {isa = PBXFileReference; fileEncoding = 4; lastKnownFileType = sourcecode.swift; path = LCParser.swift; sourceTree = "<group>"; };
		5DEFBDA72BD8D02400AA0EA0 /* LGUserManage.swift */ = {isa = PBXFileReference; fileEncoding = 4; lastKnownFileType = sourcecode.swift; path = LGUserManage.swift; sourceTree = "<group>"; };
		5DEFBDA82BD8D02500AA0EA0 /* LCAPI.swift */ = {isa = PBXFileReference; fileEncoding = 4; lastKnownFileType = sourcecode.swift; path = LCAPI.swift; sourceTree = "<group>"; };
		5DEFBDA92BD8D02500AA0EA0 /* LCStruct.swift */ = {isa = PBXFileReference; fileEncoding = 4; lastKnownFileType = sourcecode.swift; path = LCStruct.swift; sourceTree = "<group>"; };
		5DEFBDAA2BD8D02600AA0EA0 /* LCRequest.swift */ = {isa = PBXFileReference; fileEncoding = 4; lastKnownFileType = sourcecode.swift; path = LCRequest.swift; sourceTree = "<group>"; };
		5DEFBDAB2BD8D02600AA0EA0 /* LCStorage.swift */ = {isa = PBXFileReference; fileEncoding = 4; lastKnownFileType = sourcecode.swift; path = LCStorage.swift; sourceTree = "<group>"; };
		5DEFBDAC2BD8D02600AA0EA0 /* LCDefaults.swift */ = {isa = PBXFileReference; fileEncoding = 4; lastKnownFileType = sourcecode.swift; path = LCDefaults.swift; sourceTree = "<group>"; };
		5DEFBDB82BD8D35B00AA0EA0 /* MarqueeLabel.swift */ = {isa = PBXFileReference; fileEncoding = 4; lastKnownFileType = sourcecode.swift; path = MarqueeLabel.swift; sourceTree = "<group>"; };
		5DEFBDBA2BD93ABF00AA0EA0 /* LCForumHTML.swift */ = {isa = PBXFileReference; lastKnownFileType = sourcecode.swift; path = LCForumHTML.swift; sourceTree = "<group>"; };
/* End PBXFileReference section */

/* Begin PBXFrameworksBuildPhase section */
		5DA62A332BD1FE35000D7F65 /* Frameworks */ = {
			isa = PBXFrameworksBuildPhase;
			buildActionMask = 2147483647;
			files = (
				5DEFBDC12BD94F8600AA0EA0 /* ZMarkupParser in Frameworks */,
				5DEFBDB72BD8D06800AA0EA0 /* SQLite in Frameworks */,
				5D47B7912BD7F976004C0EA7 /* Alamofire in Frameworks */,
				5D9D9F872BD6390E001BC769 /* Hero in Frameworks */,
				5D47B7942BD7F98A004C0EA7 /* SwiftyJSON in Frameworks */,
				5D9380532BD73E5300CB938A /* SnapKit in Frameworks */,
				5DACBA042BDA13C100DD4D7C /* AlamofireImage in Frameworks */,
			);
			runOnlyForDeploymentPostprocessing = 0;
		};
		5DA62A492BD1FE39000D7F65 /* Frameworks */ = {
			isa = PBXFrameworksBuildPhase;
			buildActionMask = 2147483647;
			files = (
			);
			runOnlyForDeploymentPostprocessing = 0;
		};
		5DA62A532BD1FE39000D7F65 /* Frameworks */ = {
			isa = PBXFrameworksBuildPhase;
			buildActionMask = 2147483647;
			files = (
			);
			runOnlyForDeploymentPostprocessing = 0;
		};
/* End PBXFrameworksBuildPhase section */

/* Begin PBXGroup section */
		5D88ABAB2BD4B44A00347521 /* FirstGuide */ = {
			isa = PBXGroup;
			children = (
				5D88ABAC2BD4B46A00347521 /* FirstGuide.storyboard */,
				5D9D9F8A2BD6650F001BC769 /* VCFirstLogin.swift */,
			);
			path = FirstGuide;
			sourceTree = "<group>";
		};
		5D8D639D2BD4BE85005AA8ED /* EULA */ = {
			isa = PBXGroup;
			children = (
				5D8D639E2BD4BE9D005AA8ED /* EULAPrivacy.md */,
			);
			path = EULA;
			sourceTree = "<group>";
		};
		5D9D9F842BD637D4001BC769 /* ImageV */ = {
			isa = PBXGroup;
			children = (
				5D9D9F882BD63FF3001BC769 /* ImageV.storyboard */,
				5D47B78D2BD7F92D004C0EA7 /* VCImageViewer.swift */,
				5DEFBDA32BD8952400AA0EA0 /* TRImageLite.swift */,
			);
			path = ImageV;
			sourceTree = "<group>";
		};
		5D9D9F8C2BD67239001BC769 /* Custom */ = {
			isa = PBXGroup;
			children = (
				5D9D9F902BD67F14001BC769 /* ZFRippleButton.swift */,
				5D7A1F6F2BD6C3EB006D01AF /* TRRippleView.swift */,
				5DEFBDB82BD8D35B00AA0EA0 /* MarqueeLabel.swift */,
			);
			path = Custom;
			sourceTree = "<group>";
		};
		5DA62A2D2BD1FE35000D7F65 = {
			isa = PBXGroup;
			children = (
				5DA62A382BD1FE35000D7F65 /* CrossLand */,
				5DA62A4F2BD1FE39000D7F65 /* CrossLandTests */,
				5DA62A592BD1FE39000D7F65 /* CrossLandUITests */,
				5DA62A372BD1FE35000D7F65 /* Products */,
			);
			sourceTree = "<group>";
		};
		5DA62A372BD1FE35000D7F65 /* Products */ = {
			isa = PBXGroup;
			children = (
				5DA62A362BD1FE35000D7F65 /* CrossLand.app */,
				5DA62A4C2BD1FE39000D7F65 /* CrossLandTests.xctest */,
				5DA62A562BD1FE39000D7F65 /* CrossLandUITests.xctest */,
			);
			name = Products;
			sourceTree = "<group>";
		};
		5DA62A382BD1FE35000D7F65 /* CrossLand */ = {
			isa = PBXGroup;
			children = (
				5D9D9F8C2BD67239001BC769 /* Custom */,
				5D9D9F842BD637D4001BC769 /* ImageV */,
				5DCA43862BD5F9E100201601 /* Keyboard */,
				5D8D639D2BD4BE85005AA8ED /* EULA */,
				5D88ABAB2BD4B44A00347521 /* FirstGuide */,
				5DD4D8C32BD2AA44001D8D17 /* CoreLand */,
				5DD4D8BE2BD28E4D001D8D17 /* Forum */,
				5DD4D8BB2BD27BEE001D8D17 /* DynamicFont */,
				5DA62A6A2BD20533000D7F65 /* Preferences */,
				5DA62A692BD1FE48000D7F65 /* CrossLand.entitlements */,
				5DA62A392BD1FE35000D7F65 /* AppDelegate.swift */,
				5DA62A3B2BD1FE35000D7F65 /* SceneDelegate.swift */,
				5DA62A3D2BD1FE35000D7F65 /* ViewController.swift */,
				5DA62A3F2BD1FE35000D7F65 /* Main.storyboard */,
				5DA62A422BD1FE39000D7F65 /* Assets.xcassets */,
				5DA62A442BD1FE39000D7F65 /* LaunchScreen.storyboard */,
				5DA62A472BD1FE39000D7F65 /* Info.plist */,
				5D9D9F802BD61B4C001BC769 /* Acknowledgement.md */,
			);
			path = CrossLand;
			sourceTree = "<group>";
		};
		5DA62A4F2BD1FE39000D7F65 /* CrossLandTests */ = {
			isa = PBXGroup;
			children = (
				5DA62A502BD1FE39000D7F65 /* CrossLandTests.swift */,
			);
			path = CrossLandTests;
			sourceTree = "<group>";
		};
		5DA62A592BD1FE39000D7F65 /* CrossLandUITests */ = {
			isa = PBXGroup;
			children = (
				5DA62A5A2BD1FE39000D7F65 /* CrossLandUITests.swift */,
				5DA62A5C2BD1FE39000D7F65 /* CrossLandUITestsLaunchTests.swift */,
			);
			path = CrossLandUITests;
			sourceTree = "<group>";
		};
		5DA62A6A2BD20533000D7F65 /* Preferences */ = {
			isa = PBXGroup;
			children = (
				5DA62A6F2BD205C7000D7F65 /* Settings.storyboard */,
				5DA62A712BD20C94000D7F65 /* TVCSettings.swift */,
				5DD4D8C12BD29210001D8D17 /* TVCLogin.swift */,
			);
			path = Preferences;
			sourceTree = "<group>";
		};
		5DCA43862BD5F9E100201601 /* Keyboard */ = {
			isa = PBXGroup;
			children = (
				5DCA43872BD5FA8700201601 /* VCEmoticonInput2.swift */,
				5DCA438B2BD5FB1500201601 /* Keyboard.storyboard */,
			);
			path = Keyboard;
			sourceTree = "<group>";
		};
		5DD4D8BB2BD27BEE001D8D17 /* DynamicFont */ = {
			isa = PBXGroup;
			children = (
				5DD4D8BC2BD27BFD001D8D17 /* TRDynamicFont.swift */,
			);
			path = DynamicFont;
			sourceTree = "<group>";
		};
		5DD4D8BE2BD28E4D001D8D17 /* Forum */ = {
			isa = PBXGroup;
			children = (
				5DD4D8BF2BD28E5A001D8D17 /* Forum.storyboard */,
				5D9D9F922BD69519001BC769 /* TVForumTable.swift */,
			);
			path = Forum;
			sourceTree = "<group>";
		};
		5DD4D8C32BD2AA44001D8D17 /* CoreLand */ = {
			isa = PBXGroup;
			children = (
				5DACBA002BD9D99600DD4D7C /* TRRegexTool.swift */,
				5DEFBDA82BD8D02500AA0EA0 /* LCAPI.swift */,
				5DEFBDAC2BD8D02600AA0EA0 /* LCDefaults.swift */,
				5DEFBDA52BD8D02300AA0EA0 /* LCDemo.swift */,
				5DEFBDA62BD8D02400AA0EA0 /* LCParser.swift */,
				5DEFBDAA2BD8D02600AA0EA0 /* LCRequest.swift */,
				5DEFBDAB2BD8D02600AA0EA0 /* LCStorage.swift */,
				5DEFBDA92BD8D02500AA0EA0 /* LCStruct.swift */,
				5DEFBDA72BD8D02400AA0EA0 /* LGUserManage.swift */,
				5DEFBDBA2BD93ABF00AA0EA0 /* LCForumHTML.swift */,
			);
			path = CoreLand;
			sourceTree = "<group>";
		};
/* End PBXGroup section */

/* Begin PBXNativeTarget section */
		5DA62A352BD1FE35000D7F65 /* CrossLand */ = {
			isa = PBXNativeTarget;
			buildConfigurationList = 5DA62A602BD1FE39000D7F65 /* Build configuration list for PBXNativeTarget "CrossLand" */;
			buildPhases = (
				5DA62A322BD1FE35000D7F65 /* Sources */,
				5DA62A332BD1FE35000D7F65 /* Frameworks */,
				5DA62A342BD1FE35000D7F65 /* Resources */,
			);
			buildRules = (
			);
			dependencies = (
			);
			name = CrossLand;
			packageProductDependencies = (
				5D9D9F862BD6390E001BC769 /* Hero */,
				5D9380522BD73E5300CB938A /* SnapKit */,
				5D47B7902BD7F976004C0EA7 /* Alamofire */,
				5D47B7932BD7F98A004C0EA7 /* SwiftyJSON */,
				5DEFBDB62BD8D06800AA0EA0 /* SQLite */,
				5DEFBDC02BD94F8600AA0EA0 /* ZMarkupParser */,
				5DACBA032BDA13C100DD4D7C /* AlamofireImage */,
			);
			productName = CrossLand;
			productReference = 5DA62A362BD1FE35000D7F65 /* CrossLand.app */;
			productType = "com.apple.product-type.application";
		};
		5DA62A4B2BD1FE39000D7F65 /* CrossLandTests */ = {
			isa = PBXNativeTarget;
			buildConfigurationList = 5DA62A632BD1FE39000D7F65 /* Build configuration list for PBXNativeTarget "CrossLandTests" */;
			buildPhases = (
				5DA62A482BD1FE39000D7F65 /* Sources */,
				5DA62A492BD1FE39000D7F65 /* Frameworks */,
				5DA62A4A2BD1FE39000D7F65 /* Resources */,
			);
			buildRules = (
			);
			dependencies = (
				5DA62A4E2BD1FE39000D7F65 /* PBXTargetDependency */,
			);
			name = CrossLandTests;
			productName = CrossLandTests;
			productReference = 5DA62A4C2BD1FE39000D7F65 /* CrossLandTests.xctest */;
			productType = "com.apple.product-type.bundle.unit-test";
		};
		5DA62A552BD1FE39000D7F65 /* CrossLandUITests */ = {
			isa = PBXNativeTarget;
			buildConfigurationList = 5DA62A662BD1FE39000D7F65 /* Build configuration list for PBXNativeTarget "CrossLandUITests" */;
			buildPhases = (
				5DA62A522BD1FE39000D7F65 /* Sources */,
				5DA62A532BD1FE39000D7F65 /* Frameworks */,
				5DA62A542BD1FE39000D7F65 /* Resources */,
			);
			buildRules = (
			);
			dependencies = (
				5DA62A582BD1FE39000D7F65 /* PBXTargetDependency */,
			);
			name = CrossLandUITests;
			productName = CrossLandUITests;
			productReference = 5DA62A562BD1FE39000D7F65 /* CrossLandUITests.xctest */;
			productType = "com.apple.product-type.bundle.ui-testing";
		};
/* End PBXNativeTarget section */

/* Begin PBXProject section */
		5DA62A2E2BD1FE35000D7F65 /* Project object */ = {
			isa = PBXProject;
			attributes = {
				BuildIndependentTargetsInParallel = 1;
				LastSwiftUpdateCheck = 1530;
				LastUpgradeCheck = 1530;
				TargetAttributes = {
					5DA62A352BD1FE35000D7F65 = {
						CreatedOnToolsVersion = 15.3;
					};
					5DA62A4B2BD1FE39000D7F65 = {
						CreatedOnToolsVersion = 15.3;
						TestTargetID = 5DA62A352BD1FE35000D7F65;
					};
					5DA62A552BD1FE39000D7F65 = {
						CreatedOnToolsVersion = 15.3;
						TestTargetID = 5DA62A352BD1FE35000D7F65;
					};
				};
			};
			buildConfigurationList = 5DA62A312BD1FE35000D7F65 /* Build configuration list for PBXProject "CrossLand" */;
			compatibilityVersion = "Xcode 14.0";
			developmentRegion = en;
			hasScannedForEncodings = 0;
			knownRegions = (
				en,
				Base,
			);
			mainGroup = 5DA62A2D2BD1FE35000D7F65;
			packageReferences = (
				5D9D9F852BD6390E001BC769 /* XCRemoteSwiftPackageReference "Hero" */,
				5D9380512BD73E5300CB938A /* XCRemoteSwiftPackageReference "SnapKit" */,
				5D47B78F2BD7F976004C0EA7 /* XCRemoteSwiftPackageReference "Alamofire" */,
				5D47B7922BD7F98A004C0EA7 /* XCRemoteSwiftPackageReference "SwiftyJSON" */,
				5DEFBDB52BD8D06800AA0EA0 /* XCRemoteSwiftPackageReference "SQLite.swift" */,
				5DEFBDBF2BD94F8600AA0EA0 /* XCRemoteSwiftPackageReference "ZMarkupParser" */,
				5DACBA022BDA13C100DD4D7C /* XCRemoteSwiftPackageReference "AlamofireImage" */,
			);
			productRefGroup = 5DA62A372BD1FE35000D7F65 /* Products */;
			projectDirPath = "";
			projectRoot = "";
			targets = (
				5DA62A352BD1FE35000D7F65 /* CrossLand */,
				5DA62A4B2BD1FE39000D7F65 /* CrossLandTests */,
				5DA62A552BD1FE39000D7F65 /* CrossLandUITests */,
			);
		};
/* End PBXProject section */

/* Begin PBXResourcesBuildPhase section */
		5DA62A342BD1FE35000D7F65 /* Resources */ = {
			isa = PBXResourcesBuildPhase;
			buildActionMask = 2147483647;
			files = (
				5D88ABAD2BD4B46A00347521 /* FirstGuide.storyboard in Resources */,
				5D9D9F892BD63FF3001BC769 /* ImageV.storyboard in Resources */,
				5DA62A432BD1FE39000D7F65 /* Assets.xcassets in Resources */,
				5DD4D8C02BD28E5A001D8D17 /* Forum.storyboard in Resources */,
				5DCA438C2BD5FB1500201601 /* Keyboard.storyboard in Resources */,
				5DA62A462BD1FE39000D7F65 /* Base in Resources */,
				5DA62A412BD1FE35000D7F65 /* Base in Resources */,
				5DA62A702BD205C7000D7F65 /* Settings.storyboard in Resources */,
			);
			runOnlyForDeploymentPostprocessing = 0;
		};
		5DA62A4A2BD1FE39000D7F65 /* Resources */ = {
			isa = PBXResourcesBuildPhase;
			buildActionMask = 2147483647;
			files = (
			);
			runOnlyForDeploymentPostprocessing = 0;
		};
		5DA62A542BD1FE39000D7F65 /* Resources */ = {
			isa = PBXResourcesBuildPhase;
			buildActionMask = 2147483647;
			files = (
			);
			runOnlyForDeploymentPostprocessing = 0;
		};
/* End PBXResourcesBuildPhase section */

/* Begin PBXSourcesBuildPhase section */
		5DA62A322BD1FE35000D7F65 /* Sources */ = {
			isa = PBXSourcesBuildPhase;
			buildActionMask = 2147483647;
			files = (
				5D7A1F702BD6C3EB006D01AF /* TRRippleView.swift in Sources */,
				5DD4D8BD2BD27BFD001D8D17 /* TRDynamicFont.swift in Sources */,
				5DEFBDB32BD8D02600AA0EA0 /* LCStorage.swift in Sources */,
				5DACBA012BD9D99600DD4D7C /* TRRegexTool.swift in Sources */,
				5DEFBDBB2BD93ABF00AA0EA0 /* LCForumHTML.swift in Sources */,
				5DEFBDB92BD8D35B00AA0EA0 /* MarqueeLabel.swift in Sources */,
				5DA62A3E2BD1FE35000D7F65 /* ViewController.swift in Sources */,
				5DEFBDAE2BD8D02600AA0EA0 /* LCParser.swift in Sources */,
				5DEFBDAD2BD8D02600AA0EA0 /* LCDemo.swift in Sources */,
				5DCA438A2BD5FA8700201601 /* VCEmoticonInput2.swift in Sources */,
				5D47B78E2BD7F92D004C0EA7 /* VCImageViewer.swift in Sources */,
				5DEFBDB22BD8D02600AA0EA0 /* LCRequest.swift in Sources */,
				5DA62A3A2BD1FE35000D7F65 /* AppDelegate.swift in Sources */,
				5DEFBDAF2BD8D02600AA0EA0 /* LGUserManage.swift in Sources */,
				5DD4D8C22BD29211001D8D17 /* TVCLogin.swift in Sources */,
				5DEFBDA42BD8952400AA0EA0 /* TRImageLite.swift in Sources */,
				5DA62A722BD20C94000D7F65 /* TVCSettings.swift in Sources */,
				5D9D9F932BD69519001BC769 /* TVForumTable.swift in Sources */,
				5D9D9F912BD681D9001BC769 /* ZFRippleButton.swift in Sources */,
				5DA62A3C2BD1FE35000D7F65 /* SceneDelegate.swift in Sources */,
				5DEFBDB12BD8D02600AA0EA0 /* LCStruct.swift in Sources */,
				5DEFBDB42BD8D02600AA0EA0 /* LCDefaults.swift in Sources */,
				5D9D9F8B2BD6650F001BC769 /* VCFirstLogin.swift in Sources */,
				5DEFBDB02BD8D02600AA0EA0 /* LCAPI.swift in Sources */,
			);
			runOnlyForDeploymentPostprocessing = 0;
		};
		5DA62A482BD1FE39000D7F65 /* Sources */ = {
			isa = PBXSourcesBuildPhase;
			buildActionMask = 2147483647;
			files = (
				5DA62A512BD1FE39000D7F65 /* CrossLandTests.swift in Sources */,
			);
			runOnlyForDeploymentPostprocessing = 0;
		};
		5DA62A522BD1FE39000D7F65 /* Sources */ = {
			isa = PBXSourcesBuildPhase;
			buildActionMask = 2147483647;
			files = (
				5DA62A5D2BD1FE39000D7F65 /* CrossLandUITestsLaunchTests.swift in Sources */,
				5DA62A5B2BD1FE39000D7F65 /* CrossLandUITests.swift in Sources */,
			);
			runOnlyForDeploymentPostprocessing = 0;
		};
/* End PBXSourcesBuildPhase section */

/* Begin PBXTargetDependency section */
		5DA62A4E2BD1FE39000D7F65 /* PBXTargetDependency */ = {
			isa = PBXTargetDependency;
			target = 5DA62A352BD1FE35000D7F65 /* CrossLand */;
			targetProxy = 5DA62A4D2BD1FE39000D7F65 /* PBXContainerItemProxy */;
		};
		5DA62A582BD1FE39000D7F65 /* PBXTargetDependency */ = {
			isa = PBXTargetDependency;
			target = 5DA62A352BD1FE35000D7F65 /* CrossLand */;
			targetProxy = 5DA62A572BD1FE39000D7F65 /* PBXContainerItemProxy */;
		};
/* End PBXTargetDependency section */

/* Begin PBXVariantGroup section */
		5DA62A3F2BD1FE35000D7F65 /* Main.storyboard */ = {
			isa = PBXVariantGroup;
			children = (
				5DA62A402BD1FE35000D7F65 /* Base */,
			);
			name = Main.storyboard;
			sourceTree = "<group>";
		};
		5DA62A442BD1FE39000D7F65 /* LaunchScreen.storyboard */ = {
			isa = PBXVariantGroup;
			children = (
				5DA62A452BD1FE39000D7F65 /* Base */,
			);
			name = LaunchScreen.storyboard;
			sourceTree = "<group>";
		};
/* End PBXVariantGroup section */

/* Begin XCBuildConfiguration section */
		5DA62A5E2BD1FE39000D7F65 /* Debug */ = {
			isa = XCBuildConfiguration;
			buildSettings = {
				ALWAYS_SEARCH_USER_PATHS = NO;
				ASSETCATALOG_COMPILER_GENERATE_SWIFT_ASSET_SYMBOL_EXTENSIONS = YES;
				CLANG_ANALYZER_NONNULL = YES;
				CLANG_ANALYZER_NUMBER_OBJECT_CONVERSION = YES_AGGRESSIVE;
				CLANG_CXX_LANGUAGE_STANDARD = "gnu++20";
				CLANG_ENABLE_MODULES = YES;
				CLANG_ENABLE_OBJC_ARC = YES;
				CLANG_ENABLE_OBJC_WEAK = YES;
				CLANG_WARN_BLOCK_CAPTURE_AUTORELEASING = YES;
				CLANG_WARN_BOOL_CONVERSION = YES;
				CLANG_WARN_COMMA = YES;
				CLANG_WARN_CONSTANT_CONVERSION = YES;
				CLANG_WARN_DEPRECATED_OBJC_IMPLEMENTATIONS = YES;
				CLANG_WARN_DIRECT_OBJC_ISA_USAGE = YES_ERROR;
				CLANG_WARN_DOCUMENTATION_COMMENTS = YES;
				CLANG_WARN_EMPTY_BODY = YES;
				CLANG_WARN_ENUM_CONVERSION = YES;
				CLANG_WARN_INFINITE_RECURSION = YES;
				CLANG_WARN_INT_CONVERSION = YES;
				CLANG_WARN_NON_LITERAL_NULL_CONVERSION = YES;
				CLANG_WARN_OBJC_IMPLICIT_RETAIN_SELF = YES;
				CLANG_WARN_OBJC_LITERAL_CONVERSION = YES;
				CLANG_WARN_OBJC_ROOT_CLASS = YES_ERROR;
				CLANG_WARN_QUOTED_INCLUDE_IN_FRAMEWORK_HEADER = YES;
				CLANG_WARN_RANGE_LOOP_ANALYSIS = YES;
				CLANG_WARN_STRICT_PROTOTYPES = YES;
				CLANG_WARN_SUSPICIOUS_MOVE = YES;
				CLANG_WARN_UNGUARDED_AVAILABILITY = YES_AGGRESSIVE;
				CLANG_WARN_UNREACHABLE_CODE = YES;
				CLANG_WARN__DUPLICATE_METHOD_MATCH = YES;
				COPY_PHASE_STRIP = NO;
				DEBUG_INFORMATION_FORMAT = dwarf;
				ENABLE_STRICT_OBJC_MSGSEND = YES;
				ENABLE_TESTABILITY = YES;
				ENABLE_USER_SCRIPT_SANDBOXING = YES;
				GCC_C_LANGUAGE_STANDARD = gnu17;
				GCC_DYNAMIC_NO_PIC = NO;
				GCC_NO_COMMON_BLOCKS = YES;
				GCC_OPTIMIZATION_LEVEL = 0;
				GCC_PREPROCESSOR_DEFINITIONS = (
					"DEBUG=1",
					"$(inherited)",
				);
				GCC_WARN_64_TO_32_BIT_CONVERSION = YES;
				GCC_WARN_ABOUT_RETURN_TYPE = YES_ERROR;
				GCC_WARN_UNDECLARED_SELECTOR = YES;
				GCC_WARN_UNINITIALIZED_AUTOS = YES_AGGRESSIVE;
				GCC_WARN_UNUSED_FUNCTION = YES;
				GCC_WARN_UNUSED_VARIABLE = YES;
				IPHONEOS_DEPLOYMENT_TARGET = 13.0;
				LOCALIZATION_PREFERS_STRING_CATALOGS = YES;
				MTL_ENABLE_DEBUG_INFO = INCLUDE_SOURCE;
				MTL_FAST_MATH = YES;
				ONLY_ACTIVE_ARCH = YES;
				SDKROOT = iphoneos;
				SWIFT_ACTIVE_COMPILATION_CONDITIONS = "DEBUG $(inherited)";
				SWIFT_OPTIMIZATION_LEVEL = "-Onone";
			};
			name = Debug;
		};
		5DA62A5F2BD1FE39000D7F65 /* Release */ = {
			isa = XCBuildConfiguration;
			buildSettings = {
				ALWAYS_SEARCH_USER_PATHS = NO;
				ASSETCATALOG_COMPILER_GENERATE_SWIFT_ASSET_SYMBOL_EXTENSIONS = YES;
				CLANG_ANALYZER_NONNULL = YES;
				CLANG_ANALYZER_NUMBER_OBJECT_CONVERSION = YES_AGGRESSIVE;
				CLANG_CXX_LANGUAGE_STANDARD = "gnu++20";
				CLANG_ENABLE_MODULES = YES;
				CLANG_ENABLE_OBJC_ARC = YES;
				CLANG_ENABLE_OBJC_WEAK = YES;
				CLANG_WARN_BLOCK_CAPTURE_AUTORELEASING = YES;
				CLANG_WARN_BOOL_CONVERSION = YES;
				CLANG_WARN_COMMA = YES;
				CLANG_WARN_CONSTANT_CONVERSION = YES;
				CLANG_WARN_DEPRECATED_OBJC_IMPLEMENTATIONS = YES;
				CLANG_WARN_DIRECT_OBJC_ISA_USAGE = YES_ERROR;
				CLANG_WARN_DOCUMENTATION_COMMENTS = YES;
				CLANG_WARN_EMPTY_BODY = YES;
				CLANG_WARN_ENUM_CONVERSION = YES;
				CLANG_WARN_INFINITE_RECURSION = YES;
				CLANG_WARN_INT_CONVERSION = YES;
				CLANG_WARN_NON_LITERAL_NULL_CONVERSION = YES;
				CLANG_WARN_OBJC_IMPLICIT_RETAIN_SELF = YES;
				CLANG_WARN_OBJC_LITERAL_CONVERSION = YES;
				CLANG_WARN_OBJC_ROOT_CLASS = YES_ERROR;
				CLANG_WARN_QUOTED_INCLUDE_IN_FRAMEWORK_HEADER = YES;
				CLANG_WARN_RANGE_LOOP_ANALYSIS = YES;
				CLANG_WARN_STRICT_PROTOTYPES = YES;
				CLANG_WARN_SUSPICIOUS_MOVE = YES;
				CLANG_WARN_UNGUARDED_AVAILABILITY = YES_AGGRESSIVE;
				CLANG_WARN_UNREACHABLE_CODE = YES;
				CLANG_WARN__DUPLICATE_METHOD_MATCH = YES;
				COPY_PHASE_STRIP = NO;
				DEBUG_INFORMATION_FORMAT = "dwarf-with-dsym";
				ENABLE_NS_ASSERTIONS = NO;
				ENABLE_STRICT_OBJC_MSGSEND = YES;
				ENABLE_USER_SCRIPT_SANDBOXING = YES;
				GCC_C_LANGUAGE_STANDARD = gnu17;
				GCC_NO_COMMON_BLOCKS = YES;
				GCC_WARN_64_TO_32_BIT_CONVERSION = YES;
				GCC_WARN_ABOUT_RETURN_TYPE = YES_ERROR;
				GCC_WARN_UNDECLARED_SELECTOR = YES;
				GCC_WARN_UNINITIALIZED_AUTOS = YES_AGGRESSIVE;
				GCC_WARN_UNUSED_FUNCTION = YES;
				GCC_WARN_UNUSED_VARIABLE = YES;
				IPHONEOS_DEPLOYMENT_TARGET = 13.0;
				LOCALIZATION_PREFERS_STRING_CATALOGS = YES;
				MTL_ENABLE_DEBUG_INFO = NO;
				MTL_FAST_MATH = YES;
				SDKROOT = iphoneos;
				SWIFT_COMPILATION_MODE = wholemodule;
				VALIDATE_PRODUCT = YES;
			};
			name = Release;
		};
		5DA62A612BD1FE39000D7F65 /* Debug */ = {
			isa = XCBuildConfiguration;
			buildSettings = {
				ASSETCATALOG_COMPILER_APPICON_NAME = AppIcon;
				ASSETCATALOG_COMPILER_GLOBAL_ACCENT_COLOR_NAME = AccentColor;
				CODE_SIGN_ENTITLEMENTS = CrossLand/CrossLand.entitlements;
				"CODE_SIGN_IDENTITY[sdk=macosx*]" = "Apple Development";
				CODE_SIGN_STYLE = Automatic;
				CURRENT_PROJECT_VERSION = 1;
				DEVELOPMENT_TEAM = FXSVDYCN2P;
				"ENABLE_HARDENED_RUNTIME[sdk=macosx*]" = YES;
				GENERATE_INFOPLIST_FILE = YES;
				INFOPLIST_FILE = CrossLand/Info.plist;
				INFOPLIST_KEY_LSApplicationCategoryType = "public.app-category.social-networking";
				INFOPLIST_KEY_UIApplicationSupportsIndirectInputEvents = YES;
				INFOPLIST_KEY_UILaunchStoryboardName = LaunchScreen;
				INFOPLIST_KEY_UIMainStoryboardFile = Main;
				INFOPLIST_KEY_UISupportedInterfaceOrientations_iPad = "UIInterfaceOrientationPortrait UIInterfaceOrientationPortraitUpsideDown UIInterfaceOrientationLandscapeLeft UIInterfaceOrientationLandscapeRight";
				INFOPLIST_KEY_UISupportedInterfaceOrientations_iPhone = "UIInterfaceOrientationPortrait UIInterfaceOrientationLandscapeLeft UIInterfaceOrientationLandscapeRight";
				IPHONEOS_DEPLOYMENT_TARGET = 13.0;
				LD_RUNPATH_SEARCH_PATHS = (
					"$(inherited)",
					"@executable_path/Frameworks",
				);
				MARKETING_VERSION = 1.0;
				PRODUCT_BUNDLE_IDENTIFIER = studio.tri.swift.CrossLand;
				PRODUCT_NAME = "$(TARGET_NAME)";
				SUPPORTED_PLATFORMS = "iphoneos iphonesimulator";
				SUPPORTS_MACCATALYST = YES;
				SUPPORTS_MAC_DESIGNED_FOR_IPHONE_IPAD = NO;
				SWIFT_EMIT_LOC_STRINGS = YES;
				SWIFT_VERSION = 5.0;
				TARGETED_DEVICE_FAMILY = "1,2";
			};
			name = Debug;
		};
		5DA62A622BD1FE39000D7F65 /* Release */ = {
			isa = XCBuildConfiguration;
			buildSettings = {
				ASSETCATALOG_COMPILER_APPICON_NAME = AppIcon;
				ASSETCATALOG_COMPILER_GLOBAL_ACCENT_COLOR_NAME = AccentColor;
				CODE_SIGN_ENTITLEMENTS = CrossLand/CrossLand.entitlements;
				"CODE_SIGN_IDENTITY[sdk=macosx*]" = "Apple Development";
				CODE_SIGN_STYLE = Automatic;
				CURRENT_PROJECT_VERSION = 1;
				DEVELOPMENT_TEAM = FXSVDYCN2P;
				"ENABLE_HARDENED_RUNTIME[sdk=macosx*]" = YES;
				GENERATE_INFOPLIST_FILE = YES;
				INFOPLIST_FILE = CrossLand/Info.plist;
				INFOPLIST_KEY_LSApplicationCategoryType = "public.app-category.social-networking";
				INFOPLIST_KEY_UIApplicationSupportsIndirectInputEvents = YES;
				INFOPLIST_KEY_UILaunchStoryboardName = LaunchScreen;
				INFOPLIST_KEY_UIMainStoryboardFile = Main;
				INFOPLIST_KEY_UISupportedInterfaceOrientations_iPad = "UIInterfaceOrientationPortrait UIInterfaceOrientationPortraitUpsideDown UIInterfaceOrientationLandscapeLeft UIInterfaceOrientationLandscapeRight";
				INFOPLIST_KEY_UISupportedInterfaceOrientations_iPhone = "UIInterfaceOrientationPortrait UIInterfaceOrientationLandscapeLeft UIInterfaceOrientationLandscapeRight";
				IPHONEOS_DEPLOYMENT_TARGET = 13.0;
				LD_RUNPATH_SEARCH_PATHS = (
					"$(inherited)",
					"@executable_path/Frameworks",
				);
				MARKETING_VERSION = 1.0;
				PRODUCT_BUNDLE_IDENTIFIER = studio.tri.swift.CrossLand;
				PRODUCT_NAME = "$(TARGET_NAME)";
				SUPPORTED_PLATFORMS = "iphoneos iphonesimulator";
				SUPPORTS_MACCATALYST = YES;
				SUPPORTS_MAC_DESIGNED_FOR_IPHONE_IPAD = NO;
				SWIFT_EMIT_LOC_STRINGS = YES;
				SWIFT_VERSION = 5.0;
				TARGETED_DEVICE_FAMILY = "1,2";
			};
			name = Release;
		};
		5DA62A642BD1FE39000D7F65 /* Debug */ = {
			isa = XCBuildConfiguration;
			buildSettings = {
				ALWAYS_EMBED_SWIFT_STANDARD_LIBRARIES = YES;
				BUNDLE_LOADER = "$(TEST_HOST)";
				CODE_SIGN_STYLE = Automatic;
				CURRENT_PROJECT_VERSION = 1;
				GENERATE_INFOPLIST_FILE = YES;
				IPHONEOS_DEPLOYMENT_TARGET = 17.4;
				MARKETING_VERSION = 1.0;
				PRODUCT_BUNDLE_IDENTIFIER = studio.tri.swift.CrossLandTests;
				PRODUCT_NAME = "$(TARGET_NAME)";
				SWIFT_EMIT_LOC_STRINGS = NO;
				SWIFT_VERSION = 5.0;
				TARGETED_DEVICE_FAMILY = "1,2";
				TEST_HOST = "$(BUILT_PRODUCTS_DIR)/CrossLand.app/$(BUNDLE_EXECUTABLE_FOLDER_PATH)/CrossLand";
			};
			name = Debug;
		};
		5DA62A652BD1FE39000D7F65 /* Release */ = {
			isa = XCBuildConfiguration;
			buildSettings = {
				ALWAYS_EMBED_SWIFT_STANDARD_LIBRARIES = YES;
				BUNDLE_LOADER = "$(TEST_HOST)";
				CODE_SIGN_STYLE = Automatic;
				CURRENT_PROJECT_VERSION = 1;
				GENERATE_INFOPLIST_FILE = YES;
				IPHONEOS_DEPLOYMENT_TARGET = 17.4;
				MARKETING_VERSION = 1.0;
				PRODUCT_BUNDLE_IDENTIFIER = studio.tri.swift.CrossLandTests;
				PRODUCT_NAME = "$(TARGET_NAME)";
				SWIFT_EMIT_LOC_STRINGS = NO;
				SWIFT_VERSION = 5.0;
				TARGETED_DEVICE_FAMILY = "1,2";
				TEST_HOST = "$(BUILT_PRODUCTS_DIR)/CrossLand.app/$(BUNDLE_EXECUTABLE_FOLDER_PATH)/CrossLand";
			};
			name = Release;
		};
		5DA62A672BD1FE39000D7F65 /* Debug */ = {
			isa = XCBuildConfiguration;
			buildSettings = {
				ALWAYS_EMBED_SWIFT_STANDARD_LIBRARIES = YES;
				CODE_SIGN_STYLE = Automatic;
				CURRENT_PROJECT_VERSION = 1;
				GENERATE_INFOPLIST_FILE = YES;
				MARKETING_VERSION = 1.0;
				PRODUCT_BUNDLE_IDENTIFIER = studio.tri.swift.CrossLandUITests;
				PRODUCT_NAME = "$(TARGET_NAME)";
				SWIFT_EMIT_LOC_STRINGS = NO;
				SWIFT_VERSION = 5.0;
				TARGETED_DEVICE_FAMILY = "1,2";
				TEST_TARGET_NAME = CrossLand;
			};
			name = Debug;
		};
		5DA62A682BD1FE39000D7F65 /* Release */ = {
			isa = XCBuildConfiguration;
			buildSettings = {
				ALWAYS_EMBED_SWIFT_STANDARD_LIBRARIES = YES;
				CODE_SIGN_STYLE = Automatic;
				CURRENT_PROJECT_VERSION = 1;
				GENERATE_INFOPLIST_FILE = YES;
				MARKETING_VERSION = 1.0;
				PRODUCT_BUNDLE_IDENTIFIER = studio.tri.swift.CrossLandUITests;
				PRODUCT_NAME = "$(TARGET_NAME)";
				SWIFT_EMIT_LOC_STRINGS = NO;
				SWIFT_VERSION = 5.0;
				TARGETED_DEVICE_FAMILY = "1,2";
				TEST_TARGET_NAME = CrossLand;
			};
			name = Release;
		};
/* End XCBuildConfiguration section */

/* Begin XCConfigurationList section */
		5DA62A312BD1FE35000D7F65 /* Build configuration list for PBXProject "CrossLand" */ = {
			isa = XCConfigurationList;
			buildConfigurations = (
				5DA62A5E2BD1FE39000D7F65 /* Debug */,
				5DA62A5F2BD1FE39000D7F65 /* Release */,
			);
			defaultConfigurationIsVisible = 0;
			defaultConfigurationName = Release;
		};
		5DA62A602BD1FE39000D7F65 /* Build configuration list for PBXNativeTarget "CrossLand" */ = {
			isa = XCConfigurationList;
			buildConfigurations = (
				5DA62A612BD1FE39000D7F65 /* Debug */,
				5DA62A622BD1FE39000D7F65 /* Release */,
			);
			defaultConfigurationIsVisible = 0;
			defaultConfigurationName = Release;
		};
		5DA62A632BD1FE39000D7F65 /* Build configuration list for PBXNativeTarget "CrossLandTests" */ = {
			isa = XCConfigurationList;
			buildConfigurations = (
				5DA62A642BD1FE39000D7F65 /* Debug */,
				5DA62A652BD1FE39000D7F65 /* Release */,
			);
			defaultConfigurationIsVisible = 0;
			defaultConfigurationName = Release;
		};
		5DA62A662BD1FE39000D7F65 /* Build configuration list for PBXNativeTarget "CrossLandUITests" */ = {
			isa = XCConfigurationList;
			buildConfigurations = (
				5DA62A672BD1FE39000D7F65 /* Debug */,
				5DA62A682BD1FE39000D7F65 /* Release */,
			);
			defaultConfigurationIsVisible = 0;
			defaultConfigurationName = Release;
		};
/* End XCConfigurationList section */

/* Begin XCRemoteSwiftPackageReference section */
		5D47B78F2BD7F976004C0EA7 /* XCRemoteSwiftPackageReference "Alamofire" */ = {
			isa = XCRemoteSwiftPackageReference;
			repositoryURL = "https://github.com/Alamofire/Alamofire.git";
			requirement = {
				kind = upToNextMajorVersion;
				minimumVersion = 5.9.1;
			};
		};
		5D47B7922BD7F98A004C0EA7 /* XCRemoteSwiftPackageReference "SwiftyJSON" */ = {
			isa = XCRemoteSwiftPackageReference;
			repositoryURL = "https://github.com/SwiftyJSON/SwiftyJSON";
			requirement = {
				kind = upToNextMajorVersion;
				minimumVersion = 5.0.2;
			};
		};
		5D9380512BD73E5300CB938A /* XCRemoteSwiftPackageReference "SnapKit" */ = {
			isa = XCRemoteSwiftPackageReference;
			repositoryURL = "https://github.com/SnapKit/SnapKit.git";
			requirement = {
				kind = upToNextMajorVersion;
				minimumVersion = 5.7.1;
			};
		};
		5D9D9F852BD6390E001BC769 /* XCRemoteSwiftPackageReference "Hero" */ = {
			isa = XCRemoteSwiftPackageReference;
			repositoryURL = "https://github.com/HeroTransitions/Hero.git";
			requirement = {
				kind = upToNextMajorVersion;
				minimumVersion = 1.6.3;
			};
		};
		5DACBA022BDA13C100DD4D7C /* XCRemoteSwiftPackageReference "AlamofireImage" */ = {
			isa = XCRemoteSwiftPackageReference;
			repositoryURL = "https://github.com/Alamofire/AlamofireImage.git";
			requirement = {
				kind = upToNextMajorVersion;
				minimumVersion = 4.3.0;
			};
		};
		5DEFBDB52BD8D06800AA0EA0 /* XCRemoteSwiftPackageReference "SQLite.swift" */ = {
			isa = XCRemoteSwiftPackageReference;
			repositoryURL = "https://github.com/stephencelis/SQLite.swift.git";
			requirement = {
				kind = upToNextMajorVersion;
				minimumVersion = 0.15.3;
			};
		};
		5DEFBDBF2BD94F8600AA0EA0 /* XCRemoteSwiftPackageReference "ZMarkupParser" */ = {
			isa = XCRemoteSwiftPackageReference;
			repositoryURL = "https://github.com/ZhgChgLi/ZMarkupParser.git";
			requirement = {
				branch = main;
				kind = branch;
			};
		};
/* End XCRemoteSwiftPackageReference section */

/* Begin XCSwiftPackageProductDependency section */
		5D47B7902BD7F976004C0EA7 /* Alamofire */ = {
			isa = XCSwiftPackageProductDependency;
			package = 5D47B78F2BD7F976004C0EA7 /* XCRemoteSwiftPackageReference "Alamofire" */;
			productName = Alamofire;
		};
		5D47B7932BD7F98A004C0EA7 /* SwiftyJSON */ = {
			isa = XCSwiftPackageProductDependency;
			package = 5D47B7922BD7F98A004C0EA7 /* XCRemoteSwiftPackageReference "SwiftyJSON" */;
			productName = SwiftyJSON;
		};
		5D9380522BD73E5300CB938A /* SnapKit */ = {
			isa = XCSwiftPackageProductDependency;
			package = 5D9380512BD73E5300CB938A /* XCRemoteSwiftPackageReference "SnapKit" */;
			productName = SnapKit;
		};
		5D9D9F862BD6390E001BC769 /* Hero */ = {
			isa = XCSwiftPackageProductDependency;
			package = 5D9D9F852BD6390E001BC769 /* XCRemoteSwiftPackageReference "Hero" */;
			productName = Hero;
		};
		5DACBA032BDA13C100DD4D7C /* AlamofireImage */ = {
			isa = XCSwiftPackageProductDependency;
			package = 5DACBA022BDA13C100DD4D7C /* XCRemoteSwiftPackageReference "AlamofireImage" */;
			productName = AlamofireImage;
		};
		5DEFBDB62BD8D06800AA0EA0 /* SQLite */ = {
			isa = XCSwiftPackageProductDependency;
			package = 5DEFBDB52BD8D06800AA0EA0 /* XCRemoteSwiftPackageReference "SQLite.swift" */;
			productName = SQLite;
		};
		5DEFBDC02BD94F8600AA0EA0 /* ZMarkupParser */ = {
			isa = XCSwiftPackageProductDependency;
			package = 5DEFBDBF2BD94F8600AA0EA0 /* XCRemoteSwiftPackageReference "ZMarkupParser" */;
			productName = ZMarkupParser;
		};
/* End XCSwiftPackageProductDependency section */
	};
	rootObject = 5DA62A2E2BD1FE35000D7F65 /* Project object */;
}
